
Microsoft Visual Studio Solution File, Format Version 12.00
# Visual Studio Version 17
VisualStudioVersion = 17.2.32519.379
MinimumVisualStudioVersion = 10.0.40219.1
Project("{FAE04EC0-301F-11D3-BF4B-00C04F79EFBC}") = "AutoPartsV1", "AutoPartsV1\AutoPartsV1.csproj", "{9E273A12-5C56-4255-9A34-D261249B2D59}"
EndProject
Global
	GlobalSection(SolutionConfigurationPlatforms) = preSolution
		Debug|Any CPU = Debug|Any CPU
		Release|Any CPU = Release|Any CPU
	EndGlobalSection
	GlobalSection(ProjectConfigurationPlatforms) = postSolution
		{9E273A12-5C56-4255-9A34-D261249B2D59}.Debug|Any CPU.ActiveCfg = Debug|Any CPU
		{9E273A12-5C56-4255-9A34-D261249B2D59}.Debug|Any CPU.Build.0 = Debug|Any CPU
		{9E273A12-5C56-4255-9A34-D261249B2D59}.Release|Any CPU.ActiveCfg = Release|Any CPU
		{9E273A12-5C56-4255-9A34-D261249B2D59}.Release|Any CPU.Build.0 = Release|Any CPU
	EndGlobalSection
	GlobalSection(SolutionProperties) = preSolution
		HideSolutionNode = FALSE
	EndGlobalSection
	GlobalSection(ExtensibilityGlobals) = postSolution
		SolutionGuid = {F4AD4F65-3A5E-449E-9256-0CF3BB5A5FC7}
	EndGlobalSection
EndGlobal
